// !$*UTF8*$!
{
	archiveVersion = 1;
	classes = {
	};
	objectVersion = 46;
	objects = {

/* Begin PBXBuildFile section */
		03C579841D27F4430001FE0D /* AppDelegate.swift in Sources */ = {isa = PBXBuildFile; fileRef = 03C579831D27F4430001FE0D /* AppDelegate.swift */; };
		03C579871D27F4430001FE0D /* LearningPhrases.xcdatamodeld in Sources */ = {isa = PBXBuildFile; fileRef = 03C579851D27F4430001FE0D /* LearningPhrases.xcdatamodeld */; };
		03C579891D27F4430001FE0D /* MasterViewController.swift in Sources */ = {isa = PBXBuildFile; fileRef = 03C579881D27F4430001FE0D /* MasterViewController.swift */; };
		03C5798B1D27F4430001FE0D /* DetailViewController.swift in Sources */ = {isa = PBXBuildFile; fileRef = 03C5798A1D27F4430001FE0D /* DetailViewController.swift */; };
		03C5798E1D27F4430001FE0D /* Main.storyboard in Resources */ = {isa = PBXBuildFile; fileRef = 03C5798C1D27F4430001FE0D /* Main.storyboard */; };
		03C579901D27F4430001FE0D /* Assets.xcassets in Resources */ = {isa = PBXBuildFile; fileRef = 03C5798F1D27F4430001FE0D /* Assets.xcassets */; };
		03C579931D27F4430001FE0D /* LaunchScreen.storyboard in Resources */ = {isa = PBXBuildFile; fileRef = 03C579911D27F4430001FE0D /* LaunchScreen.storyboard */; };
		03C5799B1D27F4890001FE0D /* ViewController.swift in Sources */ = {isa = PBXBuildFile; fileRef = 03C5799A1D27F4890001FE0D /* ViewController.swift */; };
/* End PBXBuildFile section */

/* Begin PBXFileReference section */
		03C579801D27F4430001FE0D /* LearningPhrases.app */ = {isa = PBXFileReference; explicitFileType = wrapper.application; includeInIndex = 0; path = LearningPhrases.app; sourceTree = BUILT_PRODUCTS_DIR; };
		03C579831D27F4430001FE0D /* AppDelegate.swift */ = {isa = PBXFileReference; lastKnownFileType = sourcecode.swift; path = AppDelegate.swift; sourceTree = "<group>"; };
		03C579861D27F4430001FE0D /* LearningPhrases.xcdatamodel */ = {isa = PBXFileReference; lastKnownFileType = wrapper.xcdatamodel; path = LearningPhrases.xcdatamodel; sourceTree = "<group>"; };
		03C579881D27F4430001FE0D /* MasterViewController.swift */ = {isa = PBXFileReference; lastKnownFileType = sourcecode.swift; path = MasterViewController.swift; sourceTree = "<group>"; };
		03C5798A1D27F4430001FE0D /* DetailViewController.swift */ = {isa = PBXFileReference; lastKnownFileType = sourcecode.swift; path = DetailViewController.swift; sourceTree = "<group>"; };
		03C5798D1D27F4430001FE0D /* Base */ = {isa = PBXFileReference; lastKnownFileType = file.storyboard; name = Base; path = Base.lproj/Main.storyboard; sourceTree = "<group>"; };
		03C5798F1D27F4430001FE0D /* Assets.xcassets */ = {isa = PBXFileReference; lastKnownFileType = folder.assetcatalog; path = Assets.xcassets; sourceTree = "<group>"; };
		03C579921D27F4430001FE0D /* Base */ = {isa = PBXFileReference; lastKnownFileType = file.storyboard; name = Base; path = Base.lproj/LaunchScreen.storyboard; sourceTree = "<group>"; };
		03C579941D27F4430001FE0D /* Info.plist */ = {isa = PBXFileReference; lastKnownFileType = text.plist.xml; path = Info.plist; sourceTree = "<group>"; };
		03C5799A1D27F4890001FE0D /* ViewController.swift */ = {isa = PBXFileReference; fileEncoding = 4; lastKnownFileType = sourcecode.swift; name = ViewController.swift; path = ../../UsingSpeechRecognitionwithAVAudioEngine/SpeakToMe/ViewController.swift; sourceTree = "<group>"; };
/* End PBXFileReference section */

/* Begin PBXFrameworksBuildPhase section */
		03C5797D1D27F43D0001FE0D /* Frameworks */ = {
			isa = PBXFrameworksBuildPhase;
			buildActionMask = 2147483647;
			files = (
			);
			runOnlyForDeploymentPostprocessing = 0;
		};
/* End PBXFrameworksBuildPhase section */

/* Begin PBXGroup section */
		03C579771D27F43D0001FE0D = {
			isa = PBXGroup;
			children = (
				03C579821D27F4430001FE0D /* LearningPhrases */,
				03C579811D27F4430001FE0D /* Products */,
			);
			sourceTree = "<group>";
		};
		03C579811D27F4430001FE0D /* Products */ = {
			isa = PBXGroup;
			children = (
				03C579801D27F4430001FE0D /* LearningPhrases.app */,
			);
			name = Products;
			sourceTree = "<group>";
		};
		03C579821D27F4430001FE0D /* LearningPhrases */ = {
			isa = PBXGroup;
			children = (
				03C579831D27F4430001FE0D /* AppDelegate.swift */,
				03C579881D27F4430001FE0D /* MasterViewController.swift */,
				03C5798A1D27F4430001FE0D /* DetailViewController.swift */,
				03C5798C1D27F4430001FE0D /* Main.storyboard */,
				03C5798F1D27F4430001FE0D /* Assets.xcassets */,
				03C579911D27F4430001FE0D /* LaunchScreen.storyboard */,
				03C579941D27F4430001FE0D /* Info.plist */,
				03C579851D27F4430001FE0D /* LearningPhrases.xcdatamodeld */,
				03C5799A1D27F4890001FE0D /* ViewController.swift */,
			);
			path = LearningPhrases;
			sourceTree = "<group>";
		};
/* End PBXGroup section */

/* Begin PBXNativeTarget section */
		03C5797F1D27F43D0001FE0D /* LearningPhrases */ = {
			isa = PBXNativeTarget;
			buildConfigurationList = 03C579971D27F4430001FE0D /* Build configuration list for PBXNativeTarget "LearningPhrases" */;
			buildPhases = (
				03C5797C1D27F43D0001FE0D /* Sources */,
				03C5797D1D27F43D0001FE0D /* Frameworks */,
				03C5797E1D27F43D0001FE0D /* Resources */,
			);
			buildRules = (
			);
			dependencies = (
			);
			name = LearningPhrases;
			productName = LearningPhrases;
			productReference = 03C579801D27F4430001FE0D /* LearningPhrases.app */;
			productType = "com.apple.product-type.application";
		};
/* End PBXNativeTarget section */

/* Begin PBXProject section */
		03C579781D27F43D0001FE0D /* Project object */ = {
			isa = PBXProject;
			attributes = {
				LastSwiftUpdateCheck = 0800;
				LastUpgradeCheck = 0800;
				ORGANIZATIONNAME = nvovap;
				TargetAttributes = {
					03C5797F1D27F43D0001FE0D = {
						CreatedOnToolsVersion = 8.0;
						DevelopmentTeam = ML92WQMC99;
						DevelopmentTeamName = "Vladimir Nevinnyi";
						ProvisioningStyle = Automatic;
					};
				};
			};
			buildConfigurationList = 03C5797B1D27F43D0001FE0D /* Build configuration list for PBXProject "LearningPhrases" */;
			compatibilityVersion = "Xcode 3.2";
			developmentRegion = English;
			hasScannedForEncodings = 0;
			knownRegions = (
				en,
				Base,
			);
			mainGroup = 03C579771D27F43D0001FE0D;
			productRefGroup = 03C579811D27F4430001FE0D /* Products */;
			projectDirPath = "";
			projectRoot = "";
			targets = (
				03C5797F1D27F43D0001FE0D /* LearningPhrases */,
			);
		};
/* End PBXProject section */

/* Begin PBXResourcesBuildPhase section */
		03C5797E1D27F43D0001FE0D /* Resources */ = {
			isa = PBXResourcesBuildPhase;
			buildActionMask = 2147483647;
			files = (
				03C579931D27F4430001FE0D /* LaunchScreen.storyboard in Resources */,
				03C579901D27F4430001FE0D /* Assets.xcassets in Resources */,
				03C5798E1D27F4430001FE0D /* Main.storyboard in Resources */,
			);
			runOnlyForDeploymentPostprocessing = 0;
		};
/* End PBXResourcesBuildPhase section */

/* Begin PBXSourcesBuildPhase section */
		03C5797C1D27F43D0001FE0D /* Sources */ = {
			isa = PBXSourcesBuildPhase;
			buildActionMask = 2147483647;
			files = (
				03C5799B1D27F4890001FE0D /* ViewController.swift in Sources */,
				03C579871D27F4430001FE0D /* LearningPhrases.xcdatamodeld in Sources */,
				03C579841D27F4430001FE0D /* AppDelegate.swift in Sources */,
				03C579891D27F4430001FE0D /* MasterViewController.swift in Sources */,
				03C5798B1D27F4430001FE0D /* DetailViewController.swift in Sources */,
			);
			runOnlyForDeploymentPostprocessing = 0;
		};
/* End PBXSourcesBuildPhase section */

/* Begin PBXVariantGroup section */
		03C5798C1D27F4430001FE0D /* Main.storyboard */ = {
			isa = PBXVariantGroup;
			children = (
				03C5798D1D27F4430001FE0D /* Base */,
			);
			name = Main.storyboard;
			sourceTree = "<group>";
		};
		03C579911D27F4430001FE0D /* LaunchScreen.storyboard */ = {
			isa = PBXVariantGroup;
			children = (
				03C579921D27F4430001FE0D /* Base */,
			);
			name = LaunchScreen.storyboard;
			sourceTree = "<group>";
		};
/* End PBXVariantGroup section */

/* Begin XCBuildConfiguration section */
		03C579951D27F4430001FE0D /* Debug */ = {
			isa = XCBuildConfiguration;
			buildSettings = {
				ALWAYS_SEARCH_USER_PATHS = NO;
				CLANG_ANALYZER_NONNULL = YES;
				CLANG_CXX_LANGUAGE_STANDARD = "gnu++0x";
				CLANG_CXX_LIBRARY = "libc++";
				CLANG_ENABLE_MODULES = YES;
				CLANG_ENABLE_OBJC_ARC = YES;
				CLANG_WARN_BOOL_CONVERSION = YES;
				CLANG_WARN_CONSTANT_CONVERSION = YES;
				CLANG_WARN_DIRECT_OBJC_ISA_USAGE = YES_ERROR;
				CLANG_WARN_DOCUMENTATION_COMMENTS = YES;
				CLANG_WARN_EMPTY_BODY = YES;
				CLANG_WARN_ENUM_CONVERSION = YES;
				CLANG_WARN_INT_CONVERSION = YES;
				CLANG_WARN_OBJC_ROOT_CLASS = YES_ERROR;
				CLANG_WARN_UNREACHABLE_CODE = YES;
				CLANG_WARN__DUPLICATE_METHOD_MATCH = YES;
				"CODE_SIGN_IDENTITY[sdk=iphoneos*]" = "iPhone Developer";
				COPY_PHASE_STRIP = NO;
				DEBUG_INFORMATION_FORMAT = dwarf;
				ENABLE_STRICT_OBJC_MSGSEND = YES;
				ENABLE_TESTABILITY = YES;
				GCC_C_LANGUAGE_STANDARD = gnu99;
				GCC_DYNAMIC_NO_PIC = NO;
				GCC_NO_COMMON_BLOCKS = YES;
				GCC_OPTIMIZATION_LEVEL = 0;
				GCC_PREPROCESSOR_DEFINITIONS = (
					"DEBUG=1",
					"$(inherited)",
				);
				GCC_WARN_64_TO_32_BIT_CONVERSION = YES;
				GCC_WARN_ABOUT_RETURN_TYPE = YES_ERROR;
				GCC_WARN_UNDECLARED_SELECTOR = YES;
				GCC_WARN_UNINITIALIZED_AUTOS = YES_AGGRESSIVE;
				GCC_WARN_UNUSED_FUNCTION = YES;
				GCC_WARN_UNUSED_VARIABLE = YES;
				IPHONEOS_DEPLOYMENT_TARGET = 10.0;
				MTL_ENABLE_DEBUG_INFO = YES;
				ONLY_ACTIVE_ARCH = YES;
				SDKROOT = iphoneos;
				SWIFT_ACTIVE_COMPILATION_CONDITIONS = DEBUG;
				SWIFT_OPTIMIZATION_LEVEL = "-Onone";
				TARGETED_DEVICE_FAMILY = "1,2";
			};
			name = Debug;
		};
		03C579961D27F4430001FE0D /* Release */ = {
			isa = XCBuildConfiguration;
			buildSettings = {
				ALWAYS_SEARCH_USER_PATHS = NO;
				CLANG_ANALYZER_NONNULL = YES;
				CLANG_CXX_LANGUAGE_STANDARD = "gnu++0x";
				CLANG_CXX_LIBRARY = "libc++";
				CLANG_ENABLE_MODULES = YES;
				CLANG_ENABLE_OBJC_ARC = YES;
				CLANG_WARN_BOOL_CONVERSION = YES;
				CLANG_WARN_CONSTANT_CONVERSION = YES;
				CLANG_WARN_DIRECT_OBJC_ISA_USAGE = YES_ERROR;
				CLANG_WARN_DOCUMENTATION_COMMENTS = YES;
				CLANG_WARN_EMPTY_BODY = YES;
				CLANG_WARN_ENUM_CONVERSION = YES;
				CLANG_WARN_INT_CONVERSION = YES;
				CLANG_WARN_OBJC_ROOT_CLASS = YES_ERROR;
				CLANG_WARN_UNREACHABLE_CODE = YES;
				CLANG_WARN__DUPLICATE_METHOD_MATCH = YES;
				"CODE_SIGN_IDENTITY[sdk=iphoneos*]" = "iPhone Developer";
				COPY_PHASE_STRIP = NO;
				DEBUG_INFORMATION_FORMAT = "dwarf-with-dsym";
				ENABLE_NS_ASSERTIONS = NO;
				ENABLE_STRICT_OBJC_MSGSEND = YES;
				GCC_C_LANGUAGE_STANDARD = gnu99;
				GCC_NO_COMMON_BLOCKS = YES;
				GCC_WARN_64_TO_32_BIT_CONVERSION = YES;
				GCC_WARN_ABOUT_RETURN_TYPE = YES_ERROR;
				GCC_WARN_UNDECLARED_SELECTOR = YES;
				GCC_WARN_UNINITIALIZED_AUTOS = YES_AGGRESSIVE;
				GCC_WARN_UNUSED_FUNCTION = YES;
				GCC_WARN_UNUSED_VARIABLE = YES;
				IPHONEOS_DEPLOYMENT_TARGET = 10.0;
				MTL_ENABLE_DEBUG_INFO = NO;
				SDKROOT = iphoneos;
				SWIFT_OPTIMIZATION_LEVEL = "-Owholemodule";
				TARGETED_DEVICE_FAMILY = "1,2";
				VALIDATE_PRODUCT = YES;
			};
			name = Release;
		};
		03C579981D27F4430001FE0D /* Debug */ = {
			isa = XCBuildConfiguration;
			buildSettings = {
				ASSETCATALOG_COMPILER_APPICON_NAME = AppIcon;
				INFOPLIST_FILE = LearningPhrases/Info.plist;
				LD_RUNPATH_SEARCH_PATHS = "$(inherited) @executable_path/Frameworks";
				PRODUCT_BUNDLE_IDENTIFIER = nvovap.com.LearningPhrases;
				PRODUCT_NAME = "$(TARGET_NAME)";
				SWIFT_VERSION = 3.0;
			};
			name = Debug;
		};
		03C579991D27F4430001FE0D /* Release */ = {
			isa = XCBuildConfiguration;
			buildSettings = {
				ASSETCATALOG_COMPILER_APPICON_NAME = AppIcon;
				INFOPLIST_FILE = LearningPhrases/Info.plist;
				LD_RUNPATH_SEARCH_PATHS = "$(inherited) @executable_path/Frameworks";
				PRODUCT_BUNDLE_IDENTIFIER = nvovap.com.LearningPhrases;
				PRODUCT_NAME = "$(TARGET_NAME)";
				SWIFT_VERSION = 3.0;
			};
			name = Release;
		};
/* End XCBuildConfiguration section */

/* Begin XCConfigurationList section */
		03C5797B1D27F43D0001FE0D /* Build configuration list for PBXProject "LearningPhrases" */ = {
			isa = XCConfigurationList;
			buildConfigurations = (
				03C579951D27F4430001FE0D /* Debug */,
				03C579961D27F4430001FE0D /* Release */,
			);
			defaultConfigurationIsVisible = 0;
			defaultConfigurationName = Release;
		};
		03C579971D27F4430001FE0D /* Build configuration list for PBXNativeTarget "LearningPhrases" */ = {
			isa = XCConfigurationList;
			buildConfigurations = (
				03C579981D27F4430001FE0D /* Debug */,
				03C579991D27F4430001FE0D /* Release */,
			);
			defaultConfigurationIsVisible = 0;
		};
/* End XCConfigurationList section */

/* Begin XCVersionGroup section */
		03C579851D27F4430001FE0D /* LearningPhrases.xcdatamodeld */ = {
			isa = XCVersionGroup;
			children = (
				03C579861D27F4430001FE0D /* LearningPhrases.xcdatamodel */,
			);
			currentVersion = 03C579861D27F4430001FE0D /* LearningPhrases.xcdatamodel */;
			path = LearningPhrases.xcdatamodeld;
			sourceTree = "<group>";
			versionGroupType = wrapper.xcdatamodel;
		};
/* End XCVersionGroup section */
	};
	rootObject = 03C579781D27F43D0001FE0D /* Project object */;
}
